
Microsoft Visual Studio Solution File, Format Version 12.00
# Visual Studio 15
Project("{FAE04EC0-301F-11D3-BF4B-00C04F79EFBC}") = "Assembly-CSharp", "Assembly-CSharp.csproj", "{B104B2C7-F5A7-B86A-7FE9-A333345D9E20}"
EndProject
Project("{FAE04EC0-301F-11D3-BF4B-00C04F79EFBC}") = "Assembly-CSharp-Editor", "Assembly-CSharp-Editor.csproj", "{EDD497C4-AF51-B7BD-4E1F-5E0CC9FE38E6}"
EndProject
Project("{FAE04EC0-301F-11D3-BF4B-00C04F79EFBC}") = "Assembly-CSharp.Player", "Assembly-CSharp.Player.csproj", "{37CDCF3F-0389-B63F-5625-A1C74B87B5B7}"
EndProject
Global
	GlobalSection(SolutionConfigurationPlatforms) = preSolution
		Debug|Any CPU = Debug|Any CPU
		Release|Any CPU = Release|Any CPU
	EndGlobalSection
	GlobalSection(ProjectConfigurationPlatforms) = postSolution
		{B104B2C7-F5A7-B86A-7FE9-A333345D9E20}.Debug|Any CPU.ActiveCfg = Debug|Any CPU
		{B104B2C7-F5A7-B86A-7FE9-A333345D9E20}.Debug|Any CPU.Build.0 = Debug|Any CPU
		{B104B2C7-F5A7-B86A-7FE9-A333345D9E20}.Release|Any CPU.ActiveCfg = Release|Any CPU
		{B104B2C7-F5A7-B86A-7FE9-A333345D9E20}.Release|Any CPU.Build.0 = Release|Any CPU
		{EDD497C4-AF51-B7BD-4E1F-5E0CC9FE38E6}.Debug|Any CPU.ActiveCfg = Debug|Any CPU
		{EDD497C4-AF51-B7BD-4E1F-5E0CC9FE38E6}.Debug|Any CPU.Build.0 = Debug|Any CPU
		{EDD497C4-AF51-B7BD-4E1F-5E0CC9FE38E6}.Release|Any CPU.ActiveCfg = Release|Any CPU
		{EDD497C4-AF51-B7BD-4E1F-5E0CC9FE38E6}.Release|Any CPU.Build.0 = Release|Any CPU
		{37CDCF3F-0389-B63F-5625-A1C74B87B5B7}.Debug|Any CPU.ActiveCfg = Debug|Any CPU
		{37CDCF3F-0389-B63F-5625-A1C74B87B5B7}.Debug|Any CPU.Build.0 = Debug|Any CPU
		{37CDCF3F-0389-B63F-5625-A1C74B87B5B7}.Release|Any CPU.ActiveCfg = Release|Any CPU
		{37CDCF3F-0389-B63F-5625-A1C74B87B5B7}.Release|Any CPU.Build.0 = Release|Any CPU
	EndGlobalSection
	GlobalSection(SolutionProperties) = preSolution
		HideSolutionNode = FALSE
	EndGlobalSection
EndGlobal
